
Microsoft Visual Studio Solution File, Format Version 12.00
# Visual Studio Version 17
VisualStudioVersion = 17.14.36301.6
MinimumVisualStudioVersion = 10.0.40219.1
Project("{FAE04EC0-301F-11D3-BF4B-00C04F79EFBC}") = "StocksApp", "StocksApp\StocksApp.csproj", "{BB69EA23-03B4-4D2B-979D-121CF34E845B}"
EndProject
Project("{FAE04EC0-301F-11D3-BF4B-00C04F79EFBC}") = "PurchaseStocks", "PurchaseStocks\PurchaseStocks.csproj", "{3BEB225F-FFB8-4E45-9EDB-CA92D4559066}"
EndProject
Project("{FAE04EC0-301F-11D3-BF4B-00C04F79EFBC}") = "SellStocks", "SellStocks\SellStocks.csproj", "{447971F1-DF08-439A-A9EF-AD46D3D2972D}"
EndProject
Project("{FAE04EC0-301F-11D3-BF4B-00C04F79EFBC}") = "LogIn", "LogIn\LogIn.csproj", "{099D2EEB-7DAF-47F7-9970-96291DF3CB3B}"
EndProject
Project("{2150E333-8FDC-42A3-9474-1A3956D46DE8}") = "LogInService", "LogInService", "{02EA681E-C7D8-13C7-8484-4AC65E1B71E8}"
EndProject
Project("{FAE04EC0-301F-11D3-BF4B-00C04F79EFBC}") = "LogInDll", "LogInLibrary\LogInDll.csproj", "{A2B0E3DF-B7CD-4BA6-BEE2-C1128AE4B315}"
EndProject
Project("{2150E333-8FDC-42A3-9474-1A3956D46DE8}") = "NewFolder1", "NewFolder1", "{1D141146-A943-4A1F-AF4D-7D46AC646CBF}"
EndProject
Project("{2150E333-8FDC-42A3-9474-1A3956D46DE8}") = "SellService", "SellService", "{369CB01D-A1A7-72D2-AABC-3F0945D148A2}"
EndProject
Project("{FAE04EC0-301F-11D3-BF4B-00C04F79EFBC}") = "SellDll", "SellDll\SellDll.csproj", "{91A50940-180B-41DD-B2E6-4ECB7BD775DD}"
EndProject
Project("{2150E333-8FDC-42A3-9474-1A3956D46DE8}") = "PurchaseService", "PurchaseService", "{9B1AFF26-17CE-432E-B211-00FC867E5B47}"
EndProject
Project("{FAE04EC0-301F-11D3-BF4B-00C04F79EFBC}") = "PurchaseDll", "PurhcaseDll\PurchaseDll.csproj", "{DF45E83D-C1F0-4B25-BBD3-9D17D911B42A}"
EndProject
Project("{FAE04EC0-301F-11D3-BF4B-00C04F79EFBC}") = "StocksDll", "StocksDll\StocksDll.csproj", "{00FE6F01-B375-41F9-8A9D-054E0BA8AED0}"
EndProject
Global
	GlobalSection(SolutionConfigurationPlatforms) = preSolution
		Debug|Any CPU = Debug|Any CPU
		Release|Any CPU = Release|Any CPU
	EndGlobalSection
	GlobalSection(ProjectConfigurationPlatforms) = postSolution
		{BB69EA23-03B4-4D2B-979D-121CF34E845B}.Debug|Any CPU.ActiveCfg = Debug|Any CPU
		{BB69EA23-03B4-4D2B-979D-121CF34E845B}.Debug|Any CPU.Build.0 = Debug|Any CPU
		{BB69EA23-03B4-4D2B-979D-121CF34E845B}.Release|Any CPU.ActiveCfg = Release|Any CPU
		{BB69EA23-03B4-4D2B-979D-121CF34E845B}.Release|Any CPU.Build.0 = Release|Any CPU
		{3BEB225F-FFB8-4E45-9EDB-CA92D4559066}.Debug|Any CPU.ActiveCfg = Debug|Any CPU
		{3BEB225F-FFB8-4E45-9EDB-CA92D4559066}.Debug|Any CPU.Build.0 = Debug|Any CPU
		{3BEB225F-FFB8-4E45-9EDB-CA92D4559066}.Release|Any CPU.ActiveCfg = Release|Any CPU
		{3BEB225F-FFB8-4E45-9EDB-CA92D4559066}.Release|Any CPU.Build.0 = Release|Any CPU
		{447971F1-DF08-439A-A9EF-AD46D3D2972D}.Debug|Any CPU.ActiveCfg = Debug|Any CPU
		{447971F1-DF08-439A-A9EF-AD46D3D2972D}.Debug|Any CPU.Build.0 = Debug|Any CPU
		{447971F1-DF08-439A-A9EF-AD46D3D2972D}.Release|Any CPU.ActiveCfg = Release|Any CPU
		{447971F1-DF08-439A-A9EF-AD46D3D2972D}.Release|Any CPU.Build.0 = Release|Any CPU
		{099D2EEB-7DAF-47F7-9970-96291DF3CB3B}.Debug|Any CPU.ActiveCfg = Debug|Any CPU
		{099D2EEB-7DAF-47F7-9970-96291DF3CB3B}.Debug|Any CPU.Build.0 = Debug|Any CPU
		{099D2EEB-7DAF-47F7-9970-96291DF3CB3B}.Release|Any CPU.ActiveCfg = Release|Any CPU
		{099D2EEB-7DAF-47F7-9970-96291DF3CB3B}.Release|Any CPU.Build.0 = Release|Any CPU
		{A2B0E3DF-B7CD-4BA6-BEE2-C1128AE4B315}.Debug|Any CPU.ActiveCfg = Debug|Any CPU
		{A2B0E3DF-B7CD-4BA6-BEE2-C1128AE4B315}.Debug|Any CPU.Build.0 = Debug|Any CPU
		{A2B0E3DF-B7CD-4BA6-BEE2-C1128AE4B315}.Release|Any CPU.ActiveCfg = Release|Any CPU
		{A2B0E3DF-B7CD-4BA6-BEE2-C1128AE4B315}.Release|Any CPU.Build.0 = Release|Any CPU
		{91A50940-180B-41DD-B2E6-4ECB7BD775DD}.Debug|Any CPU.ActiveCfg = Debug|Any CPU
		{91A50940-180B-41DD-B2E6-4ECB7BD775DD}.Debug|Any CPU.Build.0 = Debug|Any CPU
		{91A50940-180B-41DD-B2E6-4ECB7BD775DD}.Release|Any CPU.ActiveCfg = Release|Any CPU
		{91A50940-180B-41DD-B2E6-4ECB7BD775DD}.Release|Any CPU.Build.0 = Release|Any CPU
		{DF45E83D-C1F0-4B25-BBD3-9D17D911B42A}.Debug|Any CPU.ActiveCfg = Debug|Any CPU
		{DF45E83D-C1F0-4B25-BBD3-9D17D911B42A}.Debug|Any CPU.Build.0 = Debug|Any CPU
		{DF45E83D-C1F0-4B25-BBD3-9D17D911B42A}.Release|Any CPU.ActiveCfg = Release|Any CPU
		{DF45E83D-C1F0-4B25-BBD3-9D17D911B42A}.Release|Any CPU.Build.0 = Release|Any CPU
		{00FE6F01-B375-41F9-8A9D-054E0BA8AED0}.Debug|Any CPU.ActiveCfg = Debug|Any CPU
		{00FE6F01-B375-41F9-8A9D-054E0BA8AED0}.Debug|Any CPU.Build.0 = Debug|Any CPU
		{00FE6F01-B375-41F9-8A9D-054E0BA8AED0}.Release|Any CPU.ActiveCfg = Release|Any CPU
		{00FE6F01-B375-41F9-8A9D-054E0BA8AED0}.Release|Any CPU.Build.0 = Release|Any CPU
	EndGlobalSection
	GlobalSection(SolutionProperties) = preSolution
		HideSolutionNode = FALSE
	EndGlobalSection
	GlobalSection(NestedProjects) = preSolution
		{BB69EA23-03B4-4D2B-979D-121CF34E845B} = {1D141146-A943-4A1F-AF4D-7D46AC646CBF}
		{3BEB225F-FFB8-4E45-9EDB-CA92D4559066} = {9B1AFF26-17CE-432E-B211-00FC867E5B47}
		{447971F1-DF08-439A-A9EF-AD46D3D2972D} = {369CB01D-A1A7-72D2-AABC-3F0945D148A2}
		{099D2EEB-7DAF-47F7-9970-96291DF3CB3B} = {02EA681E-C7D8-13C7-8484-4AC65E1B71E8}
		{A2B0E3DF-B7CD-4BA6-BEE2-C1128AE4B315} = {02EA681E-C7D8-13C7-8484-4AC65E1B71E8}
		{91A50940-180B-41DD-B2E6-4ECB7BD775DD} = {369CB01D-A1A7-72D2-AABC-3F0945D148A2}
		{DF45E83D-C1F0-4B25-BBD3-9D17D911B42A} = {9B1AFF26-17CE-432E-B211-00FC867E5B47}
		{00FE6F01-B375-41F9-8A9D-054E0BA8AED0} = {1D141146-A943-4A1F-AF4D-7D46AC646CBF}
	EndGlobalSection
	GlobalSection(ExtensibilityGlobals) = postSolution
		SolutionGuid = {348B066E-9FEA-461F-9FD5-9FE9E4827134}
	EndGlobalSection
EndGlobal
