
Microsoft Visual Studio Solution File, Format Version 12.00
# Visual Studio Version 17
VisualStudioVersion = 17.14.36301.6 d17.14
MinimumVisualStudioVersion = 10.0.40219.1
Project("{FAE04EC0-301F-11D3-BF4B-00C04F79EFBC}") = "StocksApp", "StocksApp\StocksApp.csproj", "{BB69EA23-03B4-4D2B-979D-121CF34E845B}"
EndProject
Global
	GlobalSection(SolutionConfigurationPlatforms) = preSolution
		Debug|Any CPU = Debug|Any CPU
		Release|Any CPU = Release|Any CPU
	EndGlobalSection
	GlobalSection(ProjectConfigurationPlatforms) = postSolution
		{BB69EA23-03B4-4D2B-979D-121CF34E845B}.Debug|Any CPU.ActiveCfg = Debug|Any CPU
		{BB69EA23-03B4-4D2B-979D-121CF34E845B}.Debug|Any CPU.Build.0 = Debug|Any CPU
		{BB69EA23-03B4-4D2B-979D-121CF34E845B}.Release|Any CPU.ActiveCfg = Release|Any CPU
		{BB69EA23-03B4-4D2B-979D-121CF34E845B}.Release|Any CPU.Build.0 = Release|Any CPU
	EndGlobalSection
	GlobalSection(SolutionProperties) = preSolution
		HideSolutionNode = FALSE
	EndGlobalSection
	GlobalSection(ExtensibilityGlobals) = postSolution
		SolutionGuid = {348B066E-9FEA-461F-9FD5-9FE9E4827134}
	EndGlobalSection
EndGlobal
