
Microsoft Visual Studio Solution File, Format Version 12.00
# Visual Studio Version 17
VisualStudioVersion = 17.14.36301.6
MinimumVisualStudioVersion = 10.0.40219.1
Project("{FAE04EC0-301F-11D3-BF4B-00C04F79EFBC}") = "StocksApp", "StocksApp\StocksApp.csproj", "{BB69EA23-03B4-4D2B-979D-121CF34E845B}"
EndProject
Project("{FAE04EC0-301F-11D3-BF4B-00C04F79EFBC}") = "PurchaseStocks", "PurchaseStocks\PurchaseStocks.csproj", "{3BEB225F-FFB8-4E45-9EDB-CA92D4559066}"
EndProject
Project("{FAE04EC0-301F-11D3-BF4B-00C04F79EFBC}") = "SellStocks", "SellStocks\SellStocks.csproj", "{447971F1-DF08-439A-A9EF-AD46D3D2972D}"
EndProject
Project("{FAE04EC0-301F-11D3-BF4B-00C04F79EFBC}") = "LogIn", "LogIn\LogIn.csproj", "{099D2EEB-7DAF-47F7-9970-96291DF3CB3B}"
EndProject
Project("{2150E333-8FDC-42A3-9474-1A3956D46DE8}") = "NewFolder1", "NewFolder1", "{02EA681E-C7D8-13C7-8484-4AC65E1B71E8}"
EndProject
Global
	GlobalSection(SolutionConfigurationPlatforms) = preSolution
		Debug|Any CPU = Debug|Any CPU
		Release|Any CPU = Release|Any CPU
	EndGlobalSection
	GlobalSection(ProjectConfigurationPlatforms) = postSolution
		{BB69EA23-03B4-4D2B-979D-121CF34E845B}.Debug|Any CPU.ActiveCfg = Debug|Any CPU
		{BB69EA23-03B4-4D2B-979D-121CF34E845B}.Debug|Any CPU.Build.0 = Debug|Any CPU
		{BB69EA23-03B4-4D2B-979D-121CF34E845B}.Release|Any CPU.ActiveCfg = Release|Any CPU
		{BB69EA23-03B4-4D2B-979D-121CF34E845B}.Release|Any CPU.Build.0 = Release|Any CPU
		{3BEB225F-FFB8-4E45-9EDB-CA92D4559066}.Debug|Any CPU.ActiveCfg = Debug|Any CPU
		{3BEB225F-FFB8-4E45-9EDB-CA92D4559066}.Debug|Any CPU.Build.0 = Debug|Any CPU
		{3BEB225F-FFB8-4E45-9EDB-CA92D4559066}.Release|Any CPU.ActiveCfg = Release|Any CPU
		{3BEB225F-FFB8-4E45-9EDB-CA92D4559066}.Release|Any CPU.Build.0 = Release|Any CPU
		{447971F1-DF08-439A-A9EF-AD46D3D2972D}.Debug|Any CPU.ActiveCfg = Debug|Any CPU
		{447971F1-DF08-439A-A9EF-AD46D3D2972D}.Debug|Any CPU.Build.0 = Debug|Any CPU
		{447971F1-DF08-439A-A9EF-AD46D3D2972D}.Release|Any CPU.ActiveCfg = Release|Any CPU
		{447971F1-DF08-439A-A9EF-AD46D3D2972D}.Release|Any CPU.Build.0 = Release|Any CPU
		{099D2EEB-7DAF-47F7-9970-96291DF3CB3B}.Debug|Any CPU.ActiveCfg = Debug|Any CPU
		{099D2EEB-7DAF-47F7-9970-96291DF3CB3B}.Debug|Any CPU.Build.0 = Debug|Any CPU
		{099D2EEB-7DAF-47F7-9970-96291DF3CB3B}.Release|Any CPU.ActiveCfg = Release|Any CPU
		{099D2EEB-7DAF-47F7-9970-96291DF3CB3B}.Release|Any CPU.Build.0 = Release|Any CPU
	EndGlobalSection
	GlobalSection(SolutionProperties) = preSolution
		HideSolutionNode = FALSE
	EndGlobalSection
	GlobalSection(ExtensibilityGlobals) = postSolution
		SolutionGuid = {348B066E-9FEA-461F-9FD5-9FE9E4827134}
	EndGlobalSection
EndGlobal
